
Microsoft Visual Studio Solution File, Format Version 12.00
# Visual Studio Version 16
VisualStudioVersion = 16.0.31229.75
MinimumVisualStudioVersion = 10.0.40219.1
Project("{FAE04EC0-301F-11D3-BF4B-00C04F79EFBC}") = "HtttpMethods", "HtttpMethods.csproj", "{1104D984-2DFE-4901-8ABC-DC9B1E65362C}"
EndProject
Global
	GlobalSection(SolutionConfigurationPlatforms) = preSolution
		Debug|Any CPU = Debug|Any CPU
		Release|Any CPU = Release|Any CPU
	EndGlobalSection
	GlobalSection(ProjectConfigurationPlatforms) = postSolution
		{1104D984-2DFE-4901-8ABC-DC9B1E65362C}.Debug|Any CPU.ActiveCfg = Debug|Any CPU
		{1104D984-2DFE-4901-8ABC-DC9B1E65362C}.Debug|Any CPU.Build.0 = Debug|Any CPU
		{1104D984-2DFE-4901-8ABC-DC9B1E65362C}.Release|Any CPU.ActiveCfg = Release|Any CPU
		{1104D984-2DFE-4901-8ABC-DC9B1E65362C}.Release|Any CPU.Build.0 = Release|Any CPU
	EndGlobalSection
	GlobalSection(SolutionProperties) = preSolution
		HideSolutionNode = FALSE
	EndGlobalSection
	GlobalSection(ExtensibilityGlobals) = postSolution
		SolutionGuid = {682BF645-7029-4E1F-B49E-09CE58A61CD8}
	EndGlobalSection
EndGlobal
